
Microsoft Visual Studio Solution File, Format Version 12.00
# Visual Studio Version 17
VisualStudioVersion = 17.2.32616.157
MinimumVisualStudioVersion = 10.0.40219.1
Project("{FAE04EC0-301F-11D3-BF4B-00C04F79EFBC}") = "ConsoleApp3", "ConsoleApp3.csproj", "{96EE1CF2-9B9C-483D-AEC3-3ED2BDAA49DB}"
EndProject
Global
	GlobalSection(SolutionConfigurationPlatforms) = preSolution
		Debug|Any CPU = Debug|Any CPU
		Release|Any CPU = Release|Any CPU
	EndGlobalSection
	GlobalSection(ProjectConfigurationPlatforms) = postSolution
		{96EE1CF2-9B9C-483D-AEC3-3ED2BDAA49DB}.Debug|Any CPU.ActiveCfg = Debug|Any CPU
		{96EE1CF2-9B9C-483D-AEC3-3ED2BDAA49DB}.Debug|Any CPU.Build.0 = Debug|Any CPU
		{96EE1CF2-9B9C-483D-AEC3-3ED2BDAA49DB}.Release|Any CPU.ActiveCfg = Release|Any CPU
		{96EE1CF2-9B9C-483D-AEC3-3ED2BDAA49DB}.Release|Any CPU.Build.0 = Release|Any CPU
	EndGlobalSection
	GlobalSection(SolutionProperties) = preSolution
		HideSolutionNode = FALSE
	EndGlobalSection
	GlobalSection(ExtensibilityGlobals) = postSolution
		SolutionGuid = {E30764BC-777A-46EA-947E-9DB5DE0B064D}
	EndGlobalSection
EndGlobal
